
Microsoft Visual Studio Solution File, Format Version 12.00
# Visual Studio Version 16
VisualStudioVersion = 16.0.30204.135
MinimumVisualStudioVersion = 10.0.40219.1
Project("{9A19103F-16F7-4668-BE54-9A1E7A4F7556}") = "ShoppingCar.Data", "ShoppingCar.Data\ShoppingCar.Data.csproj", "{0BE689CA-7A14-4DAE-9E39-D3D50FBFFA00}"
EndProject
Project("{9A19103F-16F7-4668-BE54-9A1E7A4F7556}") = "ShoppingCar.Service", "ShoppingCar.Service\ShoppingCar.Service.csproj", "{0AAF40D3-90AD-48E5-BA33-104E990C3A2B}"
EndProject
Project("{FAE04EC0-301F-11D3-BF4B-00C04F79EFBC}") = "ShoppingCar.Web", "ShoppingCar.Web\ShoppingCar.Web.csproj", "{192BFCFE-F935-4021-8DC0-70F0F7646BE5}"
EndProject
Global
	GlobalSection(SolutionConfigurationPlatforms) = preSolution
		Debug|Any CPU = Debug|Any CPU
		Release|Any CPU = Release|Any CPU
	EndGlobalSection
	GlobalSection(ProjectConfigurationPlatforms) = postSolution
		{0BE689CA-7A14-4DAE-9E39-D3D50FBFFA00}.Debug|Any CPU.ActiveCfg = Debug|Any CPU
		{0BE689CA-7A14-4DAE-9E39-D3D50FBFFA00}.Debug|Any CPU.Build.0 = Debug|Any CPU
		{0BE689CA-7A14-4DAE-9E39-D3D50FBFFA00}.Release|Any CPU.ActiveCfg = Release|Any CPU
		{0BE689CA-7A14-4DAE-9E39-D3D50FBFFA00}.Release|Any CPU.Build.0 = Release|Any CPU
		{0AAF40D3-90AD-48E5-BA33-104E990C3A2B}.Debug|Any CPU.ActiveCfg = Debug|Any CPU
		{0AAF40D3-90AD-48E5-BA33-104E990C3A2B}.Debug|Any CPU.Build.0 = Debug|Any CPU
		{0AAF40D3-90AD-48E5-BA33-104E990C3A2B}.Release|Any CPU.ActiveCfg = Release|Any CPU
		{0AAF40D3-90AD-48E5-BA33-104E990C3A2B}.Release|Any CPU.Build.0 = Release|Any CPU
		{192BFCFE-F935-4021-8DC0-70F0F7646BE5}.Debug|Any CPU.ActiveCfg = Debug|Any CPU
		{192BFCFE-F935-4021-8DC0-70F0F7646BE5}.Debug|Any CPU.Build.0 = Debug|Any CPU
		{192BFCFE-F935-4021-8DC0-70F0F7646BE5}.Release|Any CPU.ActiveCfg = Release|Any CPU
		{192BFCFE-F935-4021-8DC0-70F0F7646BE5}.Release|Any CPU.Build.0 = Release|Any CPU
	EndGlobalSection
	GlobalSection(SolutionProperties) = preSolution
		HideSolutionNode = FALSE
	EndGlobalSection
	GlobalSection(ExtensibilityGlobals) = postSolution
		SolutionGuid = {F5A34801-230D-4C5C-B678-08CEADCBD431}
	EndGlobalSection
EndGlobal
